<Solution>
  <Folder Name="/Bitbucket/">
    <Project Path="src/Bitbucket.V2/Bitbucket.V2.csproj" />
  </Folder>
  <Folder Name="/Confluense/">
    <Project Path="src/Confluense.V2/Confluense.V2.csproj" />
  </Folder>
  <Folder Name="/Jira/">
    <Project Path="src/Jira.V3/Jira.V3.csproj" />
  </Folder>
</Solution>
